
Microsoft Visual Studio Solution File, Format Version 12.00
# Visual Studio Version 17
VisualStudioVersion = 17.9.34723.18
MinimumVisualStudioVersion = 10.0.40219.1
Project("{FAE04EC0-301F-11D3-BF4B-00C04F79EFBC}") = "ENROLLMENT SYSTEM 1.1", "ENROLLMENT SYSTEM 1.1.csproj", "{C40AEA9B-5D77-489B-A343-FC2C342389D9}"
EndProject
Global
	GlobalSection(SolutionConfigurationPlatforms) = preSolution
		Debug|Any CPU = Debug|Any CPU
		Release|Any CPU = Release|Any CPU
	EndGlobalSection
	GlobalSection(ProjectConfigurationPlatforms) = postSolution
		{C40AEA9B-5D77-489B-A343-FC2C342389D9}.Debug|Any CPU.ActiveCfg = Debug|Any CPU
		{C40AEA9B-5D77-489B-A343-FC2C342389D9}.Debug|Any CPU.Build.0 = Debug|Any CPU
		{C40AEA9B-5D77-489B-A343-FC2C342389D9}.Release|Any CPU.ActiveCfg = Release|Any CPU
		{C40AEA9B-5D77-489B-A343-FC2C342389D9}.Release|Any CPU.Build.0 = Release|Any CPU
	EndGlobalSection
	GlobalSection(SolutionProperties) = preSolution
		HideSolutionNode = FALSE
	EndGlobalSection
	GlobalSection(ExtensibilityGlobals) = postSolution
		SolutionGuid = {ADF00944-67A7-4BC8-B292-66BC1C12C889}
	EndGlobalSection
EndGlobal
